
Microsoft Visual Studio Solution File, Format Version 12.00
# Visual Studio Version 17
VisualStudioVersion = 17.5.002.0
MinimumVisualStudioVersion = 10.0.40219.1
Project("{9A19103F-16F7-4668-BE54-9A1E7A4F7556}") = "Exercicios", "Exercicios.csproj", "{D40AEDEC-38C4-47B4-97DA-7F050820CB4F}"
EndProject
Global
	GlobalSection(SolutionConfigurationPlatforms) = preSolution
		Debug|Any CPU = Debug|Any CPU
		Release|Any CPU = Release|Any CPU
	EndGlobalSection
	GlobalSection(ProjectConfigurationPlatforms) = postSolution
		{D40AEDEC-38C4-47B4-97DA-7F050820CB4F}.Debug|Any CPU.ActiveCfg = Debug|Any CPU
		{D40AEDEC-38C4-47B4-97DA-7F050820CB4F}.Debug|Any CPU.Build.0 = Debug|Any CPU
		{D40AEDEC-38C4-47B4-97DA-7F050820CB4F}.Release|Any CPU.ActiveCfg = Release|Any CPU
		{D40AEDEC-38C4-47B4-97DA-7F050820CB4F}.Release|Any CPU.Build.0 = Release|Any CPU
	EndGlobalSection
	GlobalSection(SolutionProperties) = preSolution
		HideSolutionNode = FALSE
	EndGlobalSection
	GlobalSection(ExtensibilityGlobals) = postSolution
		SolutionGuid = {E5B44262-62F2-4649-8668-4663713FE16D}
	EndGlobalSection
EndGlobal
