
Microsoft Visual Studio Solution File, Format Version 12.00
# Visual Studio Version 17
VisualStudioVersion = 17.9.34728.123
MinimumVisualStudioVersion = 10.0.40219.1
Project("{FAE04EC0-301F-11D3-BF4B-00C04F79EFBC}") = "Exerc4", "Exerc4\Exerc4.csproj", "{57D8ABF8-2837-4164-BCFE-360F00F9F186}"
EndProject
Global
	GlobalSection(SolutionConfigurationPlatforms) = preSolution
		Debug|Any CPU = Debug|Any CPU
		Release|Any CPU = Release|Any CPU
	EndGlobalSection
	GlobalSection(ProjectConfigurationPlatforms) = postSolution
		{57D8ABF8-2837-4164-BCFE-360F00F9F186}.Debug|Any CPU.ActiveCfg = Debug|Any CPU
		{57D8ABF8-2837-4164-BCFE-360F00F9F186}.Debug|Any CPU.Build.0 = Debug|Any CPU
		{57D8ABF8-2837-4164-BCFE-360F00F9F186}.Release|Any CPU.ActiveCfg = Release|Any CPU
		{57D8ABF8-2837-4164-BCFE-360F00F9F186}.Release|Any CPU.Build.0 = Release|Any CPU
	EndGlobalSection
	GlobalSection(SolutionProperties) = preSolution
		HideSolutionNode = FALSE
	EndGlobalSection
	GlobalSection(ExtensibilityGlobals) = postSolution
		SolutionGuid = {E0ABF9EA-B3BB-4689-92E2-C7E2E50876D5}
	EndGlobalSection
EndGlobal
